
Microsoft Visual Studio Solution File, Format Version 12.00
# Visual Studio 14
VisualStudioVersion = 14.0.23107.0
MinimumVisualStudioVersion = 10.0.40219.1
Project("{FAE04EC0-301F-11D3-BF4B-00C04F79EFBC}") = "TheMemorySetOfMine", "TheMemorySetOfMine\TheMemorySetOfMine.csproj", "{7769523F-FEFA-4664-9C07-43330EAC9C92}"
EndProject
Project("{FAE04EC0-301F-11D3-BF4B-00C04F79EFBC}") = "TreeViewTest", "TreeViewTest\TreeViewTest.csproj", "{5073C9D0-4470-433B-BA75-9C8571FF603A}"
EndProject
Project("{FAE04EC0-301F-11D3-BF4B-00C04F79EFBC}") = "WpfListView", "WpfListView\WpfListView.csproj", "{863E5C32-9216-40CA-BA69-94A8E0594787}"
EndProject
Global
	GlobalSection(SolutionConfigurationPlatforms) = preSolution
		Debug|Any CPU = Debug|Any CPU
		Debug|x86 = Debug|x86
		Release|Any CPU = Release|Any CPU
		Release|x86 = Release|x86
	EndGlobalSection
	GlobalSection(ProjectConfigurationPlatforms) = postSolution
		{7769523F-FEFA-4664-9C07-43330EAC9C92}.Debug|Any CPU.ActiveCfg = Debug|Any CPU
		{7769523F-FEFA-4664-9C07-43330EAC9C92}.Debug|Any CPU.Build.0 = Debug|Any CPU
		{7769523F-FEFA-4664-9C07-43330EAC9C92}.Debug|x86.ActiveCfg = Debug|Any CPU
		{7769523F-FEFA-4664-9C07-43330EAC9C92}.Debug|x86.Build.0 = Debug|Any CPU
		{7769523F-FEFA-4664-9C07-43330EAC9C92}.Release|Any CPU.ActiveCfg = Release|Any CPU
		{7769523F-FEFA-4664-9C07-43330EAC9C92}.Release|Any CPU.Build.0 = Release|Any CPU
		{7769523F-FEFA-4664-9C07-43330EAC9C92}.Release|x86.ActiveCfg = Release|Any CPU
		{7769523F-FEFA-4664-9C07-43330EAC9C92}.Release|x86.Build.0 = Release|Any CPU
		{5073C9D0-4470-433B-BA75-9C8571FF603A}.Debug|Any CPU.ActiveCfg = Debug|Any CPU
		{5073C9D0-4470-433B-BA75-9C8571FF603A}.Debug|Any CPU.Build.0 = Debug|Any CPU
		{5073C9D0-4470-433B-BA75-9C8571FF603A}.Debug|x86.ActiveCfg = Debug|Any CPU
		{5073C9D0-4470-433B-BA75-9C8571FF603A}.Debug|x86.Build.0 = Debug|Any CPU
		{5073C9D0-4470-433B-BA75-9C8571FF603A}.Release|Any CPU.ActiveCfg = Release|Any CPU
		{5073C9D0-4470-433B-BA75-9C8571FF603A}.Release|Any CPU.Build.0 = Release|Any CPU
		{5073C9D0-4470-433B-BA75-9C8571FF603A}.Release|x86.ActiveCfg = Release|Any CPU
		{5073C9D0-4470-433B-BA75-9C8571FF603A}.Release|x86.Build.0 = Release|Any CPU
		{863E5C32-9216-40CA-BA69-94A8E0594787}.Debug|Any CPU.ActiveCfg = Debug|Any CPU
		{863E5C32-9216-40CA-BA69-94A8E0594787}.Debug|Any CPU.Build.0 = Debug|Any CPU
		{863E5C32-9216-40CA-BA69-94A8E0594787}.Debug|x86.ActiveCfg = Debug|Any CPU
		{863E5C32-9216-40CA-BA69-94A8E0594787}.Debug|x86.Build.0 = Debug|Any CPU
		{863E5C32-9216-40CA-BA69-94A8E0594787}.Release|Any CPU.ActiveCfg = Release|Any CPU
		{863E5C32-9216-40CA-BA69-94A8E0594787}.Release|Any CPU.Build.0 = Release|Any CPU
		{863E5C32-9216-40CA-BA69-94A8E0594787}.Release|x86.ActiveCfg = Release|Any CPU
		{863E5C32-9216-40CA-BA69-94A8E0594787}.Release|x86.Build.0 = Release|Any CPU
	EndGlobalSection
	GlobalSection(SolutionProperties) = preSolution
		HideSolutionNode = FALSE
	EndGlobalSection
EndGlobal
